
Microsoft Visual Studio Solution File, Format Version 12.00
# Visual Studio Version 16
VisualStudioVersion = 16.0.31019.35
MinimumVisualStudioVersion = 10.0.40219.1
Project("{9A19103F-16F7-4668-BE54-9A1E7A4F7556}") = "AmazonRetail.Web", "AmazonRetail.Web\AmazonRetail.Web.csproj", "{003E8028-9A65-4906-8E83-5D16B0A5CAF3}"
EndProject
Project("{9A19103F-16F7-4668-BE54-9A1E7A4F7556}") = "AmazonWeb.Core", "AmazonWeb.Core\AmazonWeb.Core.csproj", "{D9E1A1FB-BF13-4D10-ACB7-8B08BDAAEC24}"
EndProject
Project("{FAE04EC0-301F-11D3-BF4B-00C04F79EFBC}") = "AmazonRetail.Infrastructure", "AmazonRetail.Infrastructure\AmazonRetail.Infrastructure.csproj", "{0CC278A4-F7FE-45C5-BD51-60203CC7DBB2}"
EndProject
Global
	GlobalSection(SolutionConfigurationPlatforms) = preSolution
		Debug|Any CPU = Debug|Any CPU
		Release|Any CPU = Release|Any CPU
	EndGlobalSection
	GlobalSection(ProjectConfigurationPlatforms) = postSolution
		{003E8028-9A65-4906-8E83-5D16B0A5CAF3}.Debug|Any CPU.ActiveCfg = Debug|Any CPU
		{003E8028-9A65-4906-8E83-5D16B0A5CAF3}.Debug|Any CPU.Build.0 = Debug|Any CPU
		{003E8028-9A65-4906-8E83-5D16B0A5CAF3}.Release|Any CPU.ActiveCfg = Release|Any CPU
		{003E8028-9A65-4906-8E83-5D16B0A5CAF3}.Release|Any CPU.Build.0 = Release|Any CPU
		{D9E1A1FB-BF13-4D10-ACB7-8B08BDAAEC24}.Debug|Any CPU.ActiveCfg = Debug|Any CPU
		{D9E1A1FB-BF13-4D10-ACB7-8B08BDAAEC24}.Debug|Any CPU.Build.0 = Debug|Any CPU
		{D9E1A1FB-BF13-4D10-ACB7-8B08BDAAEC24}.Release|Any CPU.ActiveCfg = Release|Any CPU
		{D9E1A1FB-BF13-4D10-ACB7-8B08BDAAEC24}.Release|Any CPU.Build.0 = Release|Any CPU
		{0CC278A4-F7FE-45C5-BD51-60203CC7DBB2}.Debug|Any CPU.ActiveCfg = Debug|Any CPU
		{0CC278A4-F7FE-45C5-BD51-60203CC7DBB2}.Debug|Any CPU.Build.0 = Debug|Any CPU
		{0CC278A4-F7FE-45C5-BD51-60203CC7DBB2}.Release|Any CPU.ActiveCfg = Release|Any CPU
		{0CC278A4-F7FE-45C5-BD51-60203CC7DBB2}.Release|Any CPU.Build.0 = Release|Any CPU
	EndGlobalSection
	GlobalSection(SolutionProperties) = preSolution
		HideSolutionNode = FALSE
	EndGlobalSection
	GlobalSection(ExtensibilityGlobals) = postSolution
		SolutionGuid = {5D5FF6B7-A949-405E-9A9D-3389AEADADD4}
	EndGlobalSection
EndGlobal
